
Microsoft Visual Studio Solution File, Format Version 12.00
# Visual Studio 2013
VisualStudioVersion = 12.0.31101.0
MinimumVisualStudioVersion = 10.0.40219.1
Project("{FAE04EC0-301F-11D3-BF4B-00C04F79EFBC}") = "Ux2CampaignEditor", "Ux2CampaignEditor\Ux2CampaignEditor.csproj", "{8ECA812B-D3C2-4257-B807-BB6931DEE8CD}"
EndProject
Project("{FAE04EC0-301F-11D3-BF4B-00C04F79EFBC}") = "Ux2CampaingEditorAPI", "Ux2CampaingEditorAPI\Ux2CampaingEditorAPI.csproj", "{703FF29B-9954-46FA-8D9A-A4A9FCB5C690}"
EndProject
Global
	GlobalSection(SolutionConfigurationPlatforms) = preSolution
		Debug|Any CPU = Debug|Any CPU
		Release|Any CPU = Release|Any CPU
	EndGlobalSection
	GlobalSection(ProjectConfigurationPlatforms) = postSolution
		{8ECA812B-D3C2-4257-B807-BB6931DEE8CD}.Debug|Any CPU.ActiveCfg = Debug|Any CPU
		{8ECA812B-D3C2-4257-B807-BB6931DEE8CD}.Debug|Any CPU.Build.0 = Debug|Any CPU
		{8ECA812B-D3C2-4257-B807-BB6931DEE8CD}.Release|Any CPU.ActiveCfg = Release|Any CPU
		{8ECA812B-D3C2-4257-B807-BB6931DEE8CD}.Release|Any CPU.Build.0 = Release|Any CPU
		{703FF29B-9954-46FA-8D9A-A4A9FCB5C690}.Debug|Any CPU.ActiveCfg = Debug|Any CPU
		{703FF29B-9954-46FA-8D9A-A4A9FCB5C690}.Debug|Any CPU.Build.0 = Debug|Any CPU
		{703FF29B-9954-46FA-8D9A-A4A9FCB5C690}.Release|Any CPU.ActiveCfg = Release|Any CPU
		{703FF29B-9954-46FA-8D9A-A4A9FCB5C690}.Release|Any CPU.Build.0 = Release|Any CPU
	EndGlobalSection
	GlobalSection(SolutionProperties) = preSolution
		HideSolutionNode = FALSE
	EndGlobalSection
EndGlobal
